// !$*UTF8*$!
{
	archiveVersion = 1;
	classes = {
	};
	objectVersion = 50;
	objects = {

/* Begin PBXBuildFile section */
		0D058A70219FAA0000AA592F /* Habit.swift in Sources */ = {isa = PBXBuildFile; fileRef = 0D058A6F219FAA0000AA592F /* Habit.swift */; };
		0D1DBB91219E0A1300CD0C4A /* AppDelegate.swift in Sources */ = {isa = PBXBuildFile; fileRef = 0D1DBB90219E0A1300CD0C4A /* AppDelegate.swift */; };
		0D1DBB99219E0A1300CD0C4A /* JustAHabit.xcdatamodeld in Sources */ = {isa = PBXBuildFile; fileRef = 0D1DBB97219E0A1300CD0C4A /* JustAHabit.xcdatamodeld */; };
		0D1DBB9B219E0A1500CD0C4A /* Assets.xcassets in Resources */ = {isa = PBXBuildFile; fileRef = 0D1DBB9A219E0A1500CD0C4A /* Assets.xcassets */; };
		0D1DBB9E219E0A1500CD0C4A /* LaunchScreen.storyboard in Resources */ = {isa = PBXBuildFile; fileRef = 0D1DBB9C219E0A1500CD0C4A /* LaunchScreen.storyboard */; };
		0D1DBBA9219E0A1500CD0C4A /* JustAHabitTests.swift in Sources */ = {isa = PBXBuildFile; fileRef = 0D1DBBA8219E0A1500CD0C4A /* JustAHabitTests.swift */; };
		0D1DBBB4219E0A1500CD0C4A /* JustAHabitUITests.swift in Sources */ = {isa = PBXBuildFile; fileRef = 0D1DBBB3219E0A1500CD0C4A /* JustAHabitUITests.swift */; };
		0D1DBBC3219E1B0800CD0C4A /* HabitsTableViewController.swift in Sources */ = {isa = PBXBuildFile; fileRef = 0D1DBBC1219E1B0800CD0C4A /* HabitsTableViewController.swift */; };
		0D1DBBC4219E1B0800CD0C4A /* HabitsTableViewController.xib in Resources */ = {isa = PBXBuildFile; fileRef = 0D1DBBC2219E1B0800CD0C4A /* HabitsTableViewController.xib */; };
		0D1DBBC7219E2EA700CD0C4A /* UIVIewControllerExtensions.swift in Sources */ = {isa = PBXBuildFile; fileRef = 0D1DBBC6219E2EA700CD0C4A /* UIVIewControllerExtensions.swift */; };
		0D87BF1C219FCFEA00C44210 /* DateExtensions.swift in Sources */ = {isa = PBXBuildFile; fileRef = 0D87BF1B219FCFEA00C44210 /* DateExtensions.swift */; };
		0D87BF1E21A3767100C44210 /* dayofDead.jpg in Resources */ = {isa = PBXBuildFile; fileRef = 0D87BF1D21A3767100C44210 /* dayofDead.jpg */; };
		0D87BF2021A37A7600C44210 /* Icons.zip in Resources */ = {isa = PBXBuildFile; fileRef = 0D87BF1F21A37A7600C44210 /* Icons.zip */; };
		0D87BF5621A37A9500C44210 /* grow.png in Resources */ = {isa = PBXBuildFile; fileRef = 0D87BF2321A37A9500C44210 /* grow.png */; };
		0D87BF5721A37A9500C44210 /* code.png in Resources */ = {isa = PBXBuildFile; fileRef = 0D87BF2421A37A9500C44210 /* code.png */; };
		0D87BF5821A37A9500C44210 /* book.png in Resources */ = {isa = PBXBuildFile; fileRef = 0D87BF2521A37A9500C44210 /* book.png */; };
		0D87BF5921A37A9500C44210 /* sleep.png in Resources */ = {isa = PBXBuildFile; fileRef = 0D87BF2621A37A9500C44210 /* sleep.png */; };
		0D87BF5A21A37A9500C44210 /* gym.png in Resources */ = {isa = PBXBuildFile; fileRef = 0D87BF2721A37A9500C44210 /* gym.png */; };
		0D87BF5B21A37A9500C44210 /* bulb.png in Resources */ = {isa = PBXBuildFile; fileRef = 0D87BF2821A37A9500C44210 /* bulb.png */; };
		0D87BF5C21A37A9500C44210 /* search.png in Resources */ = {isa = PBXBuildFile; fileRef = 0D87BF2921A37A9500C44210 /* search.png */; };
		0D87BF5D21A37A9500C44210 /* heart.png in Resources */ = {isa = PBXBuildFile; fileRef = 0D87BF2A21A37A9500C44210 /* heart.png */; };
		0D87BF5E21A37A9500C44210 /* drop.png in Resources */ = {isa = PBXBuildFile; fileRef = 0D87BF2B21A37A9500C44210 /* drop.png */; };
		0D87BF5F21A37A9500C44210 /* other.png in Resources */ = {isa = PBXBuildFile; fileRef = 0D87BF2C21A37A9500C44210 /* other.png */; };
		0D87BF6021A37A9500C44210 /* food.png in Resources */ = {isa = PBXBuildFile; fileRef = 0D87BF2D21A37A9500C44210 /* food.png */; };
		0D87BF6121A37A9500C44210 /* tooth.png in Resources */ = {isa = PBXBuildFile; fileRef = 0D87BF2E21A37A9500C44210 /* tooth.png */; };
		0D87BF6221A37A9500C44210 /* pill.png in Resources */ = {isa = PBXBuildFile; fileRef = 0D87BF2F21A37A9500C44210 /* pill.png */; };
		0D87BF6321A37A9500C44210 /* lotus.png in Resources */ = {isa = PBXBuildFile; fileRef = 0D87BF3021A37A9500C44210 /* lotus.png */; };
		0D87BF6421A37A9500C44210 /* clock.png in Resources */ = {isa = PBXBuildFile; fileRef = 0D87BF3121A37A9500C44210 /* clock.png */; };
		0D87BF6521A37A9500C44210 /* pet.png in Resources */ = {isa = PBXBuildFile; fileRef = 0D87BF3221A37A9500C44210 /* pet.png */; };
		0D87BF6621A37A9500C44210 /* Icons.sketch in Resources */ = {isa = PBXBuildFile; fileRef = 0D87BF3321A37A9500C44210 /* Icons.sketch */; };
		0D87BF6721A37A9500C44210 /* grow.png in Resources */ = {isa = PBXBuildFile; fileRef = 0D87BF3521A37A9500C44210 /* grow.png */; };
		0D87BF6821A37A9500C44210 /* code.png in Resources */ = {isa = PBXBuildFile; fileRef = 0D87BF3621A37A9500C44210 /* code.png */; };
		0D87BF6921A37A9500C44210 /* book.png in Resources */ = {isa = PBXBuildFile; fileRef = 0D87BF3721A37A9500C44210 /* book.png */; };
		0D87BF6A21A37A9500C44210 /* sleep.png in Resources */ = {isa = PBXBuildFile; fileRef = 0D87BF3821A37A9500C44210 /* sleep.png */; };
		0D87BF6B21A37A9500C44210 /* gym.png in Resources */ = {isa = PBXBuildFile; fileRef = 0D87BF3921A37A9500C44210 /* gym.png */; };
		0D87BF6C21A37A9500C44210 /* bulb.png in Resources */ = {isa = PBXBuildFile; fileRef = 0D87BF3A21A37A9500C44210 /* bulb.png */; };
		0D87BF6D21A37A9500C44210 /* search.png in Resources */ = {isa = PBXBuildFile; fileRef = 0D87BF3B21A37A9500C44210 /* search.png */; };
		0D87BF6E21A37A9500C44210 /* heart.png in Resources */ = {isa = PBXBuildFile; fileRef = 0D87BF3C21A37A9500C44210 /* heart.png */; };
		0D87BF6F21A37A9500C44210 /* drop.png in Resources */ = {isa = PBXBuildFile; fileRef = 0D87BF3D21A37A9500C44210 /* drop.png */; };
		0D87BF7021A37A9500C44210 /* other.png in Resources */ = {isa = PBXBuildFile; fileRef = 0D87BF3E21A37A9500C44210 /* other.png */; };
		0D87BF7121A37A9500C44210 /* food.png in Resources */ = {isa = PBXBuildFile; fileRef = 0D87BF3F21A37A9500C44210 /* food.png */; };
		0D87BF7221A37A9500C44210 /* tooth.png in Resources */ = {isa = PBXBuildFile; fileRef = 0D87BF4021A37A9500C44210 /* tooth.png */; };
		0D87BF7321A37A9500C44210 /* pill.png in Resources */ = {isa = PBXBuildFile; fileRef = 0D87BF4121A37A9500C44210 /* pill.png */; };
		0D87BF7421A37A9500C44210 /* lotus.png in Resources */ = {isa = PBXBuildFile; fileRef = 0D87BF4221A37A9500C44210 /* lotus.png */; };
		0D87BF7521A37A9500C44210 /* clock.png in Resources */ = {isa = PBXBuildFile; fileRef = 0D87BF4321A37A9500C44210 /* clock.png */; };
		0D87BF7621A37A9500C44210 /* pet.png in Resources */ = {isa = PBXBuildFile; fileRef = 0D87BF4421A37A9500C44210 /* pet.png */; };
		0D87BF7721A37A9500C44210 /* grow.png in Resources */ = {isa = PBXBuildFile; fileRef = 0D87BF4621A37A9500C44210 /* grow.png */; };
		0D87BF7821A37A9500C44210 /* code.png in Resources */ = {isa = PBXBuildFile; fileRef = 0D87BF4721A37A9500C44210 /* code.png */; };
		0D87BF7921A37A9500C44210 /* book.png in Resources */ = {isa = PBXBuildFile; fileRef = 0D87BF4821A37A9500C44210 /* book.png */; };
		0D87BF7A21A37A9500C44210 /* sleep.png in Resources */ = {isa = PBXBuildFile; fileRef = 0D87BF4921A37A9500C44210 /* sleep.png */; };
		0D87BF7B21A37A9500C44210 /* gym.png in Resources */ = {isa = PBXBuildFile; fileRef = 0D87BF4A21A37A9500C44210 /* gym.png */; };
		0D87BF7C21A37A9500C44210 /* bulb.png in Resources */ = {isa = PBXBuildFile; fileRef = 0D87BF4B21A37A9500C44210 /* bulb.png */; };
		0D87BF7D21A37A9500C44210 /* search.png in Resources */ = {isa = PBXBuildFile; fileRef = 0D87BF4C21A37A9500C44210 /* search.png */; };
		0D87BF7E21A37A9500C44210 /* heart.png in Resources */ = {isa = PBXBuildFile; fileRef = 0D87BF4D21A37A9500C44210 /* heart.png */; };
		0D87BF7F21A37A9500C44210 /* drop.png in Resources */ = {isa = PBXBuildFile; fileRef = 0D87BF4E21A37A9500C44210 /* drop.png */; };
		0D87BF8021A37A9500C44210 /* other.png in Resources */ = {isa = PBXBuildFile; fileRef = 0D87BF4F21A37A9500C44210 /* other.png */; };
		0D87BF8121A37A9500C44210 /* food.png in Resources */ = {isa = PBXBuildFile; fileRef = 0D87BF5021A37A9500C44210 /* food.png */; };
		0D87BF8221A37A9500C44210 /* tooth.png in Resources */ = {isa = PBXBuildFile; fileRef = 0D87BF5121A37A9500C44210 /* tooth.png */; };
		0D87BF8321A37A9500C44210 /* pill.png in Resources */ = {isa = PBXBuildFile; fileRef = 0D87BF5221A37A9500C44210 /* pill.png */; };
		0D87BF8421A37A9500C44210 /* lotus.png in Resources */ = {isa = PBXBuildFile; fileRef = 0D87BF5321A37A9500C44210 /* lotus.png */; };
		0D87BF8521A37A9500C44210 /* clock.png in Resources */ = {isa = PBXBuildFile; fileRef = 0D87BF5421A37A9500C44210 /* clock.png */; };
		0D87BF8621A37A9500C44210 /* pet.png in Resources */ = {isa = PBXBuildFile; fileRef = 0D87BF5521A37A9500C44210 /* pet.png */; };
		0D87BF8D21A393A700C44210 /* HabitTableViewCell.swift in Sources */ = {isa = PBXBuildFile; fileRef = 0D87BF8B21A393A700C44210 /* HabitTableViewCell.swift */; };
		0D87BF8E21A393A700C44210 /* HabitTableViewCell.xib in Resources */ = {isa = PBXBuildFile; fileRef = 0D87BF8C21A393A700C44210 /* HabitTableViewCell.xib */; };
		0D87BF9021A40D7700C44210 /* PersistenceLayer.swift in Sources */ = {isa = PBXBuildFile; fileRef = 0D87BF8F21A40D7700C44210 /* PersistenceLayer.swift */; };
/* End PBXBuildFile section */

/* Begin PBXContainerItemProxy section */
		0D1DBBA5219E0A1500CD0C4A /* PBXContainerItemProxy */ = {
			isa = PBXContainerItemProxy;
			containerPortal = 0D1DBB85219E0A1300CD0C4A /* Project object */;
			proxyType = 1;
			remoteGlobalIDString = 0D1DBB8C219E0A1300CD0C4A;
			remoteInfo = JustAHabit;
		};
		0D1DBBB0219E0A1500CD0C4A /* PBXContainerItemProxy */ = {
			isa = PBXContainerItemProxy;
			containerPortal = 0D1DBB85219E0A1300CD0C4A /* Project object */;
			proxyType = 1;
			remoteGlobalIDString = 0D1DBB8C219E0A1300CD0C4A;
			remoteInfo = JustAHabit;
		};
/* End PBXContainerItemProxy section */

/* Begin PBXFileReference section */
		0D058A6F219FAA0000AA592F /* Habit.swift */ = {isa = PBXFileReference; lastKnownFileType = sourcecode.swift; path = Habit.swift; sourceTree = "<group>"; };
		0D1DBB8D219E0A1300CD0C4A /* JustAHabit.app */ = {isa = PBXFileReference; explicitFileType = wrapper.application; includeInIndex = 0; path = JustAHabit.app; sourceTree = BUILT_PRODUCTS_DIR; };
		0D1DBB90219E0A1300CD0C4A /* AppDelegate.swift */ = {isa = PBXFileReference; lastKnownFileType = sourcecode.swift; path = AppDelegate.swift; sourceTree = "<group>"; };
		0D1DBB98219E0A1300CD0C4A /* JustAHabit.xcdatamodel */ = {isa = PBXFileReference; lastKnownFileType = wrapper.xcdatamodel; path = JustAHabit.xcdatamodel; sourceTree = "<group>"; };
		0D1DBB9A219E0A1500CD0C4A /* Assets.xcassets */ = {isa = PBXFileReference; lastKnownFileType = folder.assetcatalog; path = Assets.xcassets; sourceTree = "<group>"; };
		0D1DBB9D219E0A1500CD0C4A /* Base */ = {isa = PBXFileReference; lastKnownFileType = file.storyboard; name = Base; path = Base.lproj/LaunchScreen.storyboard; sourceTree = "<group>"; };
		0D1DBB9F219E0A1500CD0C4A /* Info.plist */ = {isa = PBXFileReference; lastKnownFileType = text.plist.xml; path = Info.plist; sourceTree = "<group>"; };
		0D1DBBA4219E0A1500CD0C4A /* JustAHabitTests.xctest */ = {isa = PBXFileReference; explicitFileType = wrapper.cfbundle; includeInIndex = 0; path = JustAHabitTests.xctest; sourceTree = BUILT_PRODUCTS_DIR; };
		0D1DBBA8219E0A1500CD0C4A /* JustAHabitTests.swift */ = {isa = PBXFileReference; lastKnownFileType = sourcecode.swift; path = JustAHabitTests.swift; sourceTree = "<group>"; };
		0D1DBBAA219E0A1500CD0C4A /* Info.plist */ = {isa = PBXFileReference; lastKnownFileType = text.plist.xml; path = Info.plist; sourceTree = "<group>"; };
		0D1DBBAF219E0A1500CD0C4A /* JustAHabitUITests.xctest */ = {isa = PBXFileReference; explicitFileType = wrapper.cfbundle; includeInIndex = 0; path = JustAHabitUITests.xctest; sourceTree = BUILT_PRODUCTS_DIR; };
		0D1DBBB3219E0A1500CD0C4A /* JustAHabitUITests.swift */ = {isa = PBXFileReference; lastKnownFileType = sourcecode.swift; path = JustAHabitUITests.swift; sourceTree = "<group>"; };
		0D1DBBB5219E0A1500CD0C4A /* Info.plist */ = {isa = PBXFileReference; lastKnownFileType = text.plist.xml; path = Info.plist; sourceTree = "<group>"; };
		0D1DBBC1219E1B0800CD0C4A /* HabitsTableViewController.swift */ = {isa = PBXFileReference; lastKnownFileType = sourcecode.swift; path = HabitsTableViewController.swift; sourceTree = "<group>"; };
		0D1DBBC2219E1B0800CD0C4A /* HabitsTableViewController.xib */ = {isa = PBXFileReference; lastKnownFileType = file.xib; path = HabitsTableViewController.xib; sourceTree = "<group>"; };
		0D1DBBC6219E2EA700CD0C4A /* UIVIewControllerExtensions.swift */ = {isa = PBXFileReference; lastKnownFileType = sourcecode.swift; path = UIVIewControllerExtensions.swift; sourceTree = "<group>"; };
		0D87BF1B219FCFEA00C44210 /* DateExtensions.swift */ = {isa = PBXFileReference; lastKnownFileType = sourcecode.swift; path = DateExtensions.swift; sourceTree = "<group>"; };
		0D87BF1D21A3767100C44210 /* dayofDead.jpg */ = {isa = PBXFileReference; lastKnownFileType = image.jpeg; path = dayofDead.jpg; sourceTree = "<group>"; };
		0D87BF1F21A37A7600C44210 /* Icons.zip */ = {isa = PBXFileReference; lastKnownFileType = archive.zip; path = Icons.zip; sourceTree = "<group>"; };
		0D87BF2321A37A9500C44210 /* grow.png */ = {isa = PBXFileReference; lastKnownFileType = image.png; path = grow.png; sourceTree = "<group>"; };
		0D87BF2421A37A9500C44210 /* code.png */ = {isa = PBXFileReference; lastKnownFileType = image.png; path = code.png; sourceTree = "<group>"; };
		0D87BF2521A37A9500C44210 /* book.png */ = {isa = PBXFileReference; lastKnownFileType = image.png; path = book.png; sourceTree = "<group>"; };
		0D87BF2621A37A9500C44210 /* sleep.png */ = {isa = PBXFileReference; lastKnownFileType = image.png; path = sleep.png; sourceTree = "<group>"; };
		0D87BF2721A37A9500C44210 /* gym.png */ = {isa = PBXFileReference; lastKnownFileType = image.png; path = gym.png; sourceTree = "<group>"; };
		0D87BF2821A37A9500C44210 /* bulb.png */ = {isa = PBXFileReference; lastKnownFileType = image.png; path = bulb.png; sourceTree = "<group>"; };
		0D87BF2921A37A9500C44210 /* search.png */ = {isa = PBXFileReference; lastKnownFileType = image.png; path = search.png; sourceTree = "<group>"; };
		0D87BF2A21A37A9500C44210 /* heart.png */ = {isa = PBXFileReference; lastKnownFileType = image.png; path = heart.png; sourceTree = "<group>"; };
		0D87BF2B21A37A9500C44210 /* drop.png */ = {isa = PBXFileReference; lastKnownFileType = image.png; path = drop.png; sourceTree = "<group>"; };
		0D87BF2C21A37A9500C44210 /* other.png */ = {isa = PBXFileReference; lastKnownFileType = image.png; path = other.png; sourceTree = "<group>"; };
		0D87BF2D21A37A9500C44210 /* food.png */ = {isa = PBXFileReference; lastKnownFileType = image.png; path = food.png; sourceTree = "<group>"; };
		0D87BF2E21A37A9500C44210 /* tooth.png */ = {isa = PBXFileReference; lastKnownFileType = image.png; path = tooth.png; sourceTree = "<group>"; };
		0D87BF2F21A37A9500C44210 /* pill.png */ = {isa = PBXFileReference; lastKnownFileType = image.png; path = pill.png; sourceTree = "<group>"; };
		0D87BF3021A37A9500C44210 /* lotus.png */ = {isa = PBXFileReference; lastKnownFileType = image.png; path = lotus.png; sourceTree = "<group>"; };
		0D87BF3121A37A9500C44210 /* clock.png */ = {isa = PBXFileReference; lastKnownFileType = image.png; path = clock.png; sourceTree = "<group>"; };
		0D87BF3221A37A9500C44210 /* pet.png */ = {isa = PBXFileReference; lastKnownFileType = image.png; path = pet.png; sourceTree = "<group>"; };
		0D87BF3321A37A9500C44210 /* Icons.sketch */ = {isa = PBXFileReference; lastKnownFileType = file; path = Icons.sketch; sourceTree = "<group>"; };
		0D87BF3521A37A9500C44210 /* grow.png */ = {isa = PBXFileReference; lastKnownFileType = image.png; path = grow.png; sourceTree = "<group>"; };
		0D87BF3621A37A9500C44210 /* code.png */ = {isa = PBXFileReference; lastKnownFileType = image.png; path = code.png; sourceTree = "<group>"; };
		0D87BF3721A37A9500C44210 /* book.png */ = {isa = PBXFileReference; lastKnownFileType = image.png; path = book.png; sourceTree = "<group>"; };
		0D87BF3821A37A9500C44210 /* sleep.png */ = {isa = PBXFileReference; lastKnownFileType = image.png; path = sleep.png; sourceTree = "<group>"; };
		0D87BF3921A37A9500C44210 /* gym.png */ = {isa = PBXFileReference; lastKnownFileType = image.png; path = gym.png; sourceTree = "<group>"; };
		0D87BF3A21A37A9500C44210 /* bulb.png */ = {isa = PBXFileReference; lastKnownFileType = image.png; path = bulb.png; sourceTree = "<group>"; };
		0D87BF3B21A37A9500C44210 /* search.png */ = {isa = PBXFileReference; lastKnownFileType = image.png; path = search.png; sourceTree = "<group>"; };
		0D87BF3C21A37A9500C44210 /* heart.png */ = {isa = PBXFileReference; lastKnownFileType = image.png; path = heart.png; sourceTree = "<group>"; };
		0D87BF3D21A37A9500C44210 /* drop.png */ = {isa = PBXFileReference; lastKnownFileType = image.png; path = drop.png; sourceTree = "<group>"; };
		0D87BF3E21A37A9500C44210 /* other.png */ = {isa = PBXFileReference; lastKnownFileType = image.png; path = other.png; sourceTree = "<group>"; };
		0D87BF3F21A37A9500C44210 /* food.png */ = {isa = PBXFileReference; lastKnownFileType = image.png; path = food.png; sourceTree = "<group>"; };
		0D87BF4021A37A9500C44210 /* tooth.png */ = {isa = PBXFileReference; lastKnownFileType = image.png; path = tooth.png; sourceTree = "<group>"; };
		0D87BF4121A37A9500C44210 /* pill.png */ = {isa = PBXFileReference; lastKnownFileType = image.png; path = pill.png; sourceTree = "<group>"; };
		0D87BF4221A37A9500C44210 /* lotus.png */ = {isa = PBXFileReference; lastKnownFileType = image.png; path = lotus.png; sourceTree = "<group>"; };
		0D87BF4321A37A9500C44210 /* clock.png */ = {isa = PBXFileReference; lastKnownFileType = image.png; path = clock.png; sourceTree = "<group>"; };
		0D87BF4421A37A9500C44210 /* pet.png */ = {isa = PBXFileReference; lastKnownFileType = image.png; path = pet.png; sourceTree = "<group>"; };
		0D87BF4621A37A9500C44210 /* grow.png */ = {isa = PBXFileReference; lastKnownFileType = image.png; path = grow.png; sourceTree = "<group>"; };
		0D87BF4721A37A9500C44210 /* code.png */ = {isa = PBXFileReference; lastKnownFileType = image.png; path = code.png; sourceTree = "<group>"; };
		0D87BF4821A37A9500C44210 /* book.png */ = {isa = PBXFileReference; lastKnownFileType = image.png; path = book.png; sourceTree = "<group>"; };
		0D87BF4921A37A9500C44210 /* sleep.png */ = {isa = PBXFileReference; lastKnownFileType = image.png; path = sleep.png; sourceTree = "<group>"; };
		0D87BF4A21A37A9500C44210 /* gym.png */ = {isa = PBXFileReference; lastKnownFileType = image.png; path = gym.png; sourceTree = "<group>"; };
		0D87BF4B21A37A9500C44210 /* bulb.png */ = {isa = PBXFileReference; lastKnownFileType = image.png; path = bulb.png; sourceTree = "<group>"; };
		0D87BF4C21A37A9500C44210 /* search.png */ = {isa = PBXFileReference; lastKnownFileType = image.png; path = search.png; sourceTree = "<group>"; };
		0D87BF4D21A37A9500C44210 /* heart.png */ = {isa = PBXFileReference; lastKnownFileType = image.png; path = heart.png; sourceTree = "<group>"; };
		0D87BF4E21A37A9500C44210 /* drop.png */ = {isa = PBXFileReference; lastKnownFileType = image.png; path = drop.png; sourceTree = "<group>"; };
		0D87BF4F21A37A9500C44210 /* other.png */ = {isa = PBXFileReference; lastKnownFileType = image.png; path = other.png; sourceTree = "<group>"; };
		0D87BF5021A37A9500C44210 /* food.png */ = {isa = PBXFileReference; lastKnownFileType = image.png; path = food.png; sourceTree = "<group>"; };
		0D87BF5121A37A9500C44210 /* tooth.png */ = {isa = PBXFileReference; lastKnownFileType = image.png; path = tooth.png; sourceTree = "<group>"; };
		0D87BF5221A37A9500C44210 /* pill.png */ = {isa = PBXFileReference; lastKnownFileType = image.png; path = pill.png; sourceTree = "<group>"; };
		0D87BF5321A37A9500C44210 /* lotus.png */ = {isa = PBXFileReference; lastKnownFileType = image.png; path = lotus.png; sourceTree = "<group>"; };
		0D87BF5421A37A9500C44210 /* clock.png */ = {isa = PBXFileReference; lastKnownFileType = image.png; path = clock.png; sourceTree = "<group>"; };
		0D87BF5521A37A9500C44210 /* pet.png */ = {isa = PBXFileReference; lastKnownFileType = image.png; path = pet.png; sourceTree = "<group>"; };
		0D87BF8B21A393A700C44210 /* HabitTableViewCell.swift */ = {isa = PBXFileReference; lastKnownFileType = sourcecode.swift; path = HabitTableViewCell.swift; sourceTree = "<group>"; };
		0D87BF8C21A393A700C44210 /* HabitTableViewCell.xib */ = {isa = PBXFileReference; lastKnownFileType = file.xib; path = HabitTableViewCell.xib; sourceTree = "<group>"; };
		0D87BF8F21A40D7700C44210 /* PersistenceLayer.swift */ = {isa = PBXFileReference; lastKnownFileType = sourcecode.swift; path = PersistenceLayer.swift; sourceTree = "<group>"; };
/* End PBXFileReference section */

/* Begin PBXFrameworksBuildPhase section */
		0D1DBB8A219E0A1300CD0C4A /* Frameworks */ = {
			isa = PBXFrameworksBuildPhase;
			buildActionMask = 2147483647;
			files = (
			);
			runOnlyForDeploymentPostprocessing = 0;
		};
		0D1DBBA1219E0A1500CD0C4A /* Frameworks */ = {
			isa = PBXFrameworksBuildPhase;
			buildActionMask = 2147483647;
			files = (
			);
			runOnlyForDeploymentPostprocessing = 0;
		};
		0D1DBBAC219E0A1500CD0C4A /* Frameworks */ = {
			isa = PBXFrameworksBuildPhase;
			buildActionMask = 2147483647;
			files = (
			);
			runOnlyForDeploymentPostprocessing = 0;
		};
/* End PBXFrameworksBuildPhase section */

/* Begin PBXGroup section */
		0D1DBB84219E0A1300CD0C4A = {
			isa = PBXGroup;
			children = (
				0D1DBB8F219E0A1300CD0C4A /* JustAHabit */,
				0D1DBBA7219E0A1500CD0C4A /* JustAHabitTests */,
				0D1DBBB2219E0A1500CD0C4A /* JustAHabitUITests */,
				0D1DBB8E219E0A1300CD0C4A /* Products */,
			);
			sourceTree = "<group>";
		};
		0D1DBB8E219E0A1300CD0C4A /* Products */ = {
			isa = PBXGroup;
			children = (
				0D1DBB8D219E0A1300CD0C4A /* JustAHabit.app */,
				0D1DBBA4219E0A1500CD0C4A /* JustAHabitTests.xctest */,
				0D1DBBAF219E0A1500CD0C4A /* JustAHabitUITests.xctest */,
			);
			name = Products;
			sourceTree = "<group>";
		};
		0D1DBB8F219E0A1300CD0C4A /* JustAHabit */ = {
			isa = PBXGroup;
			children = (
				0D1DBB90219E0A1300CD0C4A /* AppDelegate.swift */,
				0D1DBBC5219E1DE400CD0C4A /* Views */,
				0D1DBB9A219E0A1500CD0C4A /* Assets.xcassets */,
				0D87BF1F21A37A7600C44210 /* Icons.zip */,
				0D87BF1D21A3767100C44210 /* dayofDead.jpg */,
				0D1DBB9C219E0A1500CD0C4A /* LaunchScreen.storyboard */,
				0D1DBB9F219E0A1500CD0C4A /* Info.plist */,
				0D1DBB97219E0A1300CD0C4A /* JustAHabit.xcdatamodeld */,
				0D058A6F219FAA0000AA592F /* Habit.swift */,
				0D87BF1B219FCFEA00C44210 /* DateExtensions.swift */,
				0D87BF8F21A40D7700C44210 /* PersistenceLayer.swift */,
			);
			path = JustAHabit;
			sourceTree = "<group>";
		};
		0D1DBBA7219E0A1500CD0C4A /* JustAHabitTests */ = {
			isa = PBXGroup;
			children = (
				0D1DBBA8219E0A1500CD0C4A /* JustAHabitTests.swift */,
				0D1DBBAA219E0A1500CD0C4A /* Info.plist */,
			);
			path = JustAHabitTests;
			sourceTree = "<group>";
		};
		0D1DBBB2219E0A1500CD0C4A /* JustAHabitUITests */ = {
			isa = PBXGroup;
			children = (
				0D1DBBB3219E0A1500CD0C4A /* JustAHabitUITests.swift */,
				0D1DBBB5219E0A1500CD0C4A /* Info.plist */,
			);
			path = JustAHabitUITests;
			sourceTree = "<group>";
		};
		0D1DBBC5219E1DE400CD0C4A /* Views */ = {
			isa = PBXGroup;
			children = (
				0D1DBBC1219E1B0800CD0C4A /* HabitsTableViewController.swift */,
				0D87BF2121A37A9500C44210 /* Icons */,
				0D1DBBC6219E2EA700CD0C4A /* UIVIewControllerExtensions.swift */,
				0D1DBBC2219E1B0800CD0C4A /* HabitsTableViewController.xib */,
				0D87BF8B21A393A700C44210 /* HabitTableViewCell.swift */,
				0D87BF8C21A393A700C44210 /* HabitTableViewCell.xib */,
			);
			path = Views;
			sourceTree = "<group>";
		};
		0D87BF2121A37A9500C44210 /* Icons */ = {
			isa = PBXGroup;
			children = (
				0D87BF2221A37A9500C44210 /* 3x */,
				0D87BF3321A37A9500C44210 /* Icons.sketch */,
				0D87BF3421A37A9500C44210 /* 2x */,
				0D87BF4521A37A9500C44210 /* 1x */,
			);
			path = Icons;
			sourceTree = "<group>";
		};
		0D87BF2221A37A9500C44210 /* 3x */ = {
			isa = PBXGroup;
			children = (
				0D87BF2321A37A9500C44210 /* grow.png */,
				0D87BF2421A37A9500C44210 /* code.png */,
				0D87BF2521A37A9500C44210 /* book.png */,
				0D87BF2621A37A9500C44210 /* sleep.png */,
				0D87BF2721A37A9500C44210 /* gym.png */,
				0D87BF2821A37A9500C44210 /* bulb.png */,
				0D87BF2921A37A9500C44210 /* search.png */,
				0D87BF2A21A37A9500C44210 /* heart.png */,
				0D87BF2B21A37A9500C44210 /* drop.png */,
				0D87BF2C21A37A9500C44210 /* other.png */,
				0D87BF2D21A37A9500C44210 /* food.png */,
				0D87BF2E21A37A9500C44210 /* tooth.png */,
				0D87BF2F21A37A9500C44210 /* pill.png */,
				0D87BF3021A37A9500C44210 /* lotus.png */,
				0D87BF3121A37A9500C44210 /* clock.png */,
				0D87BF3221A37A9500C44210 /* pet.png */,
			);
			path = 3x;
			sourceTree = "<group>";
		};
		0D87BF3421A37A9500C44210 /* 2x */ = {
			isa = PBXGroup;
			children = (
				0D87BF3521A37A9500C44210 /* grow.png */,
				0D87BF3621A37A9500C44210 /* code.png */,
				0D87BF3721A37A9500C44210 /* book.png */,
				0D87BF3821A37A9500C44210 /* sleep.png */,
				0D87BF3921A37A9500C44210 /* gym.png */,
				0D87BF3A21A37A9500C44210 /* bulb.png */,
				0D87BF3B21A37A9500C44210 /* search.png */,
				0D87BF3C21A37A9500C44210 /* heart.png */,
				0D87BF3D21A37A9500C44210 /* drop.png */,
				0D87BF3E21A37A9500C44210 /* other.png */,
				0D87BF3F21A37A9500C44210 /* food.png */,
				0D87BF4021A37A9500C44210 /* tooth.png */,
				0D87BF4121A37A9500C44210 /* pill.png */,
				0D87BF4221A37A9500C44210 /* lotus.png */,
				0D87BF4321A37A9500C44210 /* clock.png */,
				0D87BF4421A37A9500C44210 /* pet.png */,
			);
			path = 2x;
			sourceTree = "<group>";
		};
		0D87BF4521A37A9500C44210 /* 1x */ = {
			isa = PBXGroup;
			children = (
				0D87BF4621A37A9500C44210 /* grow.png */,
				0D87BF4721A37A9500C44210 /* code.png */,
				0D87BF4821A37A9500C44210 /* book.png */,
				0D87BF4921A37A9500C44210 /* sleep.png */,
				0D87BF4A21A37A9500C44210 /* gym.png */,
				0D87BF4B21A37A9500C44210 /* bulb.png */,
				0D87BF4C21A37A9500C44210 /* search.png */,
				0D87BF4D21A37A9500C44210 /* heart.png */,
				0D87BF4E21A37A9500C44210 /* drop.png */,
				0D87BF4F21A37A9500C44210 /* other.png */,
				0D87BF5021A37A9500C44210 /* food.png */,
				0D87BF5121A37A9500C44210 /* tooth.png */,
				0D87BF5221A37A9500C44210 /* pill.png */,
				0D87BF5321A37A9500C44210 /* lotus.png */,
				0D87BF5421A37A9500C44210 /* clock.png */,
				0D87BF5521A37A9500C44210 /* pet.png */,
			);
			path = 1x;
			sourceTree = "<group>";
		};
/* End PBXGroup section */

/* Begin PBXNativeTarget section */
		0D1DBB8C219E0A1300CD0C4A /* JustAHabit */ = {
			isa = PBXNativeTarget;
			buildConfigurationList = 0D1DBBB8219E0A1500CD0C4A /* Build configuration list for PBXNativeTarget "JustAHabit" */;
			buildPhases = (
				0D1DBB89219E0A1300CD0C4A /* Sources */,
				0D1DBB8A219E0A1300CD0C4A /* Frameworks */,
				0D1DBB8B219E0A1300CD0C4A /* Resources */,
			);
			buildRules = (
			);
			dependencies = (
			);
			name = JustAHabit;
			productName = JustAHabit;
			productReference = 0D1DBB8D219E0A1300CD0C4A /* JustAHabit.app */;
			productType = "com.apple.product-type.application";
		};
		0D1DBBA3219E0A1500CD0C4A /* JustAHabitTests */ = {
			isa = PBXNativeTarget;
			buildConfigurationList = 0D1DBBBB219E0A1500CD0C4A /* Build configuration list for PBXNativeTarget "JustAHabitTests" */;
			buildPhases = (
				0D1DBBA0219E0A1500CD0C4A /* Sources */,
				0D1DBBA1219E0A1500CD0C4A /* Frameworks */,
				0D1DBBA2219E0A1500CD0C4A /* Resources */,
			);
			buildRules = (
			);
			dependencies = (
				0D1DBBA6219E0A1500CD0C4A /* PBXTargetDependency */,
			);
			name = JustAHabitTests;
			productName = JustAHabitTests;
			productReference = 0D1DBBA4219E0A1500CD0C4A /* JustAHabitTests.xctest */;
			productType = "com.apple.product-type.bundle.unit-test";
		};
		0D1DBBAE219E0A1500CD0C4A /* JustAHabitUITests */ = {
			isa = PBXNativeTarget;
			buildConfigurationList = 0D1DBBBE219E0A1500CD0C4A /* Build configuration list for PBXNativeTarget "JustAHabitUITests" */;
			buildPhases = (
				0D1DBBAB219E0A1500CD0C4A /* Sources */,
				0D1DBBAC219E0A1500CD0C4A /* Frameworks */,
				0D1DBBAD219E0A1500CD0C4A /* Resources */,
			);
			buildRules = (
			);
			dependencies = (
				0D1DBBB1219E0A1500CD0C4A /* PBXTargetDependency */,
			);
			name = JustAHabitUITests;
			productName = JustAHabitUITests;
			productReference = 0D1DBBAF219E0A1500CD0C4A /* JustAHabitUITests.xctest */;
			productType = "com.apple.product-type.bundle.ui-testing";
		};
/* End PBXNativeTarget section */

/* Begin PBXProject section */
		0D1DBB85219E0A1300CD0C4A /* Project object */ = {
			isa = PBXProject;
			attributes = {
				LastSwiftUpdateCheck = 1000;
				LastUpgradeCheck = 1000;
				ORGANIZATIONNAME = "Jaeson Booker";
				TargetAttributes = {
					0D1DBB8C219E0A1300CD0C4A = {
						CreatedOnToolsVersion = 10.0;
					};
					0D1DBBA3219E0A1500CD0C4A = {
						CreatedOnToolsVersion = 10.0;
						TestTargetID = 0D1DBB8C219E0A1300CD0C4A;
					};
					0D1DBBAE219E0A1500CD0C4A = {
						CreatedOnToolsVersion = 10.0;
						TestTargetID = 0D1DBB8C219E0A1300CD0C4A;
					};
				};
			};
			buildConfigurationList = 0D1DBB88219E0A1300CD0C4A /* Build configuration list for PBXProject "JustAHabit" */;
			compatibilityVersion = "Xcode 9.3";
			developmentRegion = en;
			hasScannedForEncodings = 0;
			knownRegions = (
				en,
				Base,
			);
			mainGroup = 0D1DBB84219E0A1300CD0C4A;
			productRefGroup = 0D1DBB8E219E0A1300CD0C4A /* Products */;
			projectDirPath = "";
			projectRoot = "";
			targets = (
				0D1DBB8C219E0A1300CD0C4A /* JustAHabit */,
				0D1DBBA3219E0A1500CD0C4A /* JustAHabitTests */,
				0D1DBBAE219E0A1500CD0C4A /* JustAHabitUITests */,
			);
		};
/* End PBXProject section */

/* Begin PBXResourcesBuildPhase section */
		0D1DBB8B219E0A1300CD0C4A /* Resources */ = {
			isa = PBXResourcesBuildPhase;
			buildActionMask = 2147483647;
			files = (
				0D87BF7B21A37A9500C44210 /* gym.png in Resources */,
				0D87BF7F21A37A9500C44210 /* drop.png in Resources */,
				0D87BF7221A37A9500C44210 /* tooth.png in Resources */,
				0D87BF7321A37A9500C44210 /* pill.png in Resources */,
				0D87BF7721A37A9500C44210 /* grow.png in Resources */,
				0D87BF6121A37A9500C44210 /* tooth.png in Resources */,
				0D87BF2021A37A7600C44210 /* Icons.zip in Resources */,
				0D87BF7121A37A9500C44210 /* food.png in Resources */,
				0D87BF7821A37A9500C44210 /* code.png in Resources */,
				0D87BF7A21A37A9500C44210 /* sleep.png in Resources */,
				0D87BF6221A37A9500C44210 /* pill.png in Resources */,
				0D87BF7D21A37A9500C44210 /* search.png in Resources */,
				0D87BF6D21A37A9500C44210 /* search.png in Resources */,
				0D87BF6521A37A9500C44210 /* pet.png in Resources */,
				0D87BF6721A37A9500C44210 /* grow.png in Resources */,
				0D87BF5921A37A9500C44210 /* sleep.png in Resources */,
				0D1DBB9E219E0A1500CD0C4A /* LaunchScreen.storyboard in Resources */,
				0D87BF6A21A37A9500C44210 /* sleep.png in Resources */,
				0D87BF7C21A37A9500C44210 /* bulb.png in Resources */,
				0D87BF6021A37A9500C44210 /* food.png in Resources */,
				0D87BF6B21A37A9500C44210 /* gym.png in Resources */,
				0D87BF6321A37A9500C44210 /* lotus.png in Resources */,
				0D87BF5A21A37A9500C44210 /* gym.png in Resources */,
				0D87BF5F21A37A9500C44210 /* other.png in Resources */,
				0D87BF6921A37A9500C44210 /* book.png in Resources */,
				0D87BF8121A37A9500C44210 /* food.png in Resources */,
				0D87BF7E21A37A9500C44210 /* heart.png in Resources */,
				0D87BF8621A37A9500C44210 /* pet.png in Resources */,
				0D87BF6621A37A9500C44210 /* Icons.sketch in Resources */,
				0D87BF5621A37A9500C44210 /* grow.png in Resources */,
				0D87BF5B21A37A9500C44210 /* bulb.png in Resources */,
				0D87BF6821A37A9500C44210 /* code.png in Resources */,
				0D87BF8421A37A9500C44210 /* lotus.png in Resources */,
				0D87BF7921A37A9500C44210 /* book.png in Resources */,
				0D87BF5721A37A9500C44210 /* code.png in Resources */,
				0D87BF5D21A37A9500C44210 /* heart.png in Resources */,
				0D87BF6C21A37A9500C44210 /* bulb.png in Resources */,
				0D87BF6E21A37A9500C44210 /* heart.png in Resources */,
				0D87BF8E21A393A700C44210 /* HabitTableViewCell.xib in Resources */,
				0D87BF5C21A37A9500C44210 /* search.png in Resources */,
				0D87BF1E21A3767100C44210 /* dayofDead.jpg in Resources */,
				0D87BF6F21A37A9500C44210 /* drop.png in Resources */,
				0D87BF7521A37A9500C44210 /* clock.png in Resources */,
				0D87BF5E21A37A9500C44210 /* drop.png in Resources */,
				0D87BF6421A37A9500C44210 /* clock.png in Resources */,
				0D87BF7421A37A9500C44210 /* lotus.png in Resources */,
				0D1DBBC4219E1B0800CD0C4A /* HabitsTableViewController.xib in Resources */,
				0D87BF5821A37A9500C44210 /* book.png in Resources */,
				0D87BF8521A37A9500C44210 /* clock.png in Resources */,
				0D87BF7021A37A9500C44210 /* other.png in Resources */,
				0D1DBB9B219E0A1500CD0C4A /* Assets.xcassets in Resources */,
				0D87BF8321A37A9500C44210 /* pill.png in Resources */,
				0D87BF8021A37A9500C44210 /* other.png in Resources */,
				0D87BF8221A37A9500C44210 /* tooth.png in Resources */,
				0D87BF7621A37A9500C44210 /* pet.png in Resources */,
			);
			runOnlyForDeploymentPostprocessing = 0;
		};
		0D1DBBA2219E0A1500CD0C4A /* Resources */ = {
			isa = PBXResourcesBuildPhase;
			buildActionMask = 2147483647;
			files = (
			);
			runOnlyForDeploymentPostprocessing = 0;
		};
		0D1DBBAD219E0A1500CD0C4A /* Resources */ = {
			isa = PBXResourcesBuildPhase;
			buildActionMask = 2147483647;
			files = (
			);
			runOnlyForDeploymentPostprocessing = 0;
		};
/* End PBXResourcesBuildPhase section */

/* Begin PBXSourcesBuildPhase section */
		0D1DBB89219E0A1300CD0C4A /* Sources */ = {
			isa = PBXSourcesBuildPhase;
			buildActionMask = 2147483647;
			files = (
				0D1DBBC7219E2EA700CD0C4A /* UIVIewControllerExtensions.swift in Sources */,
				0D058A70219FAA0000AA592F /* Habit.swift in Sources */,
				0D1DBB99219E0A1300CD0C4A /* JustAHabit.xcdatamodeld in Sources */,
				0D87BF9021A40D7700C44210 /* PersistenceLayer.swift in Sources */,
				0D1DBB91219E0A1300CD0C4A /* AppDelegate.swift in Sources */,
				0D1DBBC3219E1B0800CD0C4A /* HabitsTableViewController.swift in Sources */,
				0D87BF8D21A393A700C44210 /* HabitTableViewCell.swift in Sources */,
				0D87BF1C219FCFEA00C44210 /* DateExtensions.swift in Sources */,
			);
			runOnlyForDeploymentPostprocessing = 0;
		};
		0D1DBBA0219E0A1500CD0C4A /* Sources */ = {
			isa = PBXSourcesBuildPhase;
			buildActionMask = 2147483647;
			files = (
				0D1DBBA9219E0A1500CD0C4A /* JustAHabitTests.swift in Sources */,
			);
			runOnlyForDeploymentPostprocessing = 0;
		};
		0D1DBBAB219E0A1500CD0C4A /* Sources */ = {
			isa = PBXSourcesBuildPhase;
			buildActionMask = 2147483647;
			files = (
				0D1DBBB4219E0A1500CD0C4A /* JustAHabitUITests.swift in Sources */,
			);
			runOnlyForDeploymentPostprocessing = 0;
		};
/* End PBXSourcesBuildPhase section */

/* Begin PBXTargetDependency section */
		0D1DBBA6219E0A1500CD0C4A /* PBXTargetDependency */ = {
			isa = PBXTargetDependency;
			target = 0D1DBB8C219E0A1300CD0C4A /* JustAHabit */;
			targetProxy = 0D1DBBA5219E0A1500CD0C4A /* PBXContainerItemProxy */;
		};
		0D1DBBB1219E0A1500CD0C4A /* PBXTargetDependency */ = {
			isa = PBXTargetDependency;
			target = 0D1DBB8C219E0A1300CD0C4A /* JustAHabit */;
			targetProxy = 0D1DBBB0219E0A1500CD0C4A /* PBXContainerItemProxy */;
		};
/* End PBXTargetDependency section */

/* Begin PBXVariantGroup section */
		0D1DBB9C219E0A1500CD0C4A /* LaunchScreen.storyboard */ = {
			isa = PBXVariantGroup;
			children = (
				0D1DBB9D219E0A1500CD0C4A /* Base */,
			);
			name = LaunchScreen.storyboard;
			sourceTree = "<group>";
		};
/* End PBXVariantGroup section */

/* Begin XCBuildConfiguration section */
		0D1DBBB6219E0A1500CD0C4A /* Debug */ = {
			isa = XCBuildConfiguration;
			buildSettings = {
				ALWAYS_SEARCH_USER_PATHS = NO;
				CLANG_ANALYZER_NONNULL = YES;
				CLANG_ANALYZER_NUMBER_OBJECT_CONVERSION = YES_AGGRESSIVE;
				CLANG_CXX_LANGUAGE_STANDARD = "gnu++14";
				CLANG_CXX_LIBRARY = "libc++";
				CLANG_ENABLE_MODULES = YES;
				CLANG_ENABLE_OBJC_ARC = YES;
				CLANG_ENABLE_OBJC_WEAK = YES;
				CLANG_WARN_BLOCK_CAPTURE_AUTORELEASING = YES;
				CLANG_WARN_BOOL_CONVERSION = YES;
				CLANG_WARN_COMMA = YES;
				CLANG_WARN_CONSTANT_CONVERSION = YES;
				CLANG_WARN_DEPRECATED_OBJC_IMPLEMENTATIONS = YES;
				CLANG_WARN_DIRECT_OBJC_ISA_USAGE = YES_ERROR;
				CLANG_WARN_DOCUMENTATION_COMMENTS = YES;
				CLANG_WARN_EMPTY_BODY = YES;
				CLANG_WARN_ENUM_CONVERSION = YES;
				CLANG_WARN_INFINITE_RECURSION = YES;
				CLANG_WARN_INT_CONVERSION = YES;
				CLANG_WARN_NON_LITERAL_NULL_CONVERSION = YES;
				CLANG_WARN_OBJC_IMPLICIT_RETAIN_SELF = YES;
				CLANG_WARN_OBJC_LITERAL_CONVERSION = YES;
				CLANG_WARN_OBJC_ROOT_CLASS = YES_ERROR;
				CLANG_WARN_RANGE_LOOP_ANALYSIS = YES;
				CLANG_WARN_STRICT_PROTOTYPES = YES;
				CLANG_WARN_SUSPICIOUS_MOVE = YES;
				CLANG_WARN_UNGUARDED_AVAILABILITY = YES_AGGRESSIVE;
				CLANG_WARN_UNREACHABLE_CODE = YES;
				CLANG_WARN__DUPLICATE_METHOD_MATCH = YES;
				CODE_SIGN_IDENTITY = "iPhone Developer";
				COPY_PHASE_STRIP = NO;
				DEBUG_INFORMATION_FORMAT = dwarf;
				ENABLE_STRICT_OBJC_MSGSEND = YES;
				ENABLE_TESTABILITY = YES;
				GCC_C_LANGUAGE_STANDARD = gnu11;
				GCC_DYNAMIC_NO_PIC = NO;
				GCC_NO_COMMON_BLOCKS = YES;
				GCC_OPTIMIZATION_LEVEL = 0;
				GCC_PREPROCESSOR_DEFINITIONS = (
					"DEBUG=1",
					"$(inherited)",
				);
				GCC_WARN_64_TO_32_BIT_CONVERSION = YES;
				GCC_WARN_ABOUT_RETURN_TYPE = YES_ERROR;
				GCC_WARN_UNDECLARED_SELECTOR = YES;
				GCC_WARN_UNINITIALIZED_AUTOS = YES_AGGRESSIVE;
				GCC_WARN_UNUSED_FUNCTION = YES;
				GCC_WARN_UNUSED_VARIABLE = YES;
				IPHONEOS_DEPLOYMENT_TARGET = 12.0;
				MTL_ENABLE_DEBUG_INFO = INCLUDE_SOURCE;
				MTL_FAST_MATH = YES;
				ONLY_ACTIVE_ARCH = YES;
				SDKROOT = iphoneos;
				SWIFT_ACTIVE_COMPILATION_CONDITIONS = DEBUG;
				SWIFT_OPTIMIZATION_LEVEL = "-Onone";
			};
			name = Debug;
		};
		0D1DBBB7219E0A1500CD0C4A /* Release */ = {
			isa = XCBuildConfiguration;
			buildSettings = {
				ALWAYS_SEARCH_USER_PATHS = NO;
				CLANG_ANALYZER_NONNULL = YES;
				CLANG_ANALYZER_NUMBER_OBJECT_CONVERSION = YES_AGGRESSIVE;
				CLANG_CXX_LANGUAGE_STANDARD = "gnu++14";
				CLANG_CXX_LIBRARY = "libc++";
				CLANG_ENABLE_MODULES = YES;
				CLANG_ENABLE_OBJC_ARC = YES;
				CLANG_ENABLE_OBJC_WEAK = YES;
				CLANG_WARN_BLOCK_CAPTURE_AUTORELEASING = YES;
				CLANG_WARN_BOOL_CONVERSION = YES;
				CLANG_WARN_COMMA = YES;
				CLANG_WARN_CONSTANT_CONVERSION = YES;
				CLANG_WARN_DEPRECATED_OBJC_IMPLEMENTATIONS = YES;
				CLANG_WARN_DIRECT_OBJC_ISA_USAGE = YES_ERROR;
				CLANG_WARN_DOCUMENTATION_COMMENTS = YES;
				CLANG_WARN_EMPTY_BODY = YES;
				CLANG_WARN_ENUM_CONVERSION = YES;
				CLANG_WARN_INFINITE_RECURSION = YES;
				CLANG_WARN_INT_CONVERSION = YES;
				CLANG_WARN_NON_LITERAL_NULL_CONVERSION = YES;
				CLANG_WARN_OBJC_IMPLICIT_RETAIN_SELF = YES;
				CLANG_WARN_OBJC_LITERAL_CONVERSION = YES;
				CLANG_WARN_OBJC_ROOT_CLASS = YES_ERROR;
				CLANG_WARN_RANGE_LOOP_ANALYSIS = YES;
				CLANG_WARN_STRICT_PROTOTYPES = YES;
				CLANG_WARN_SUSPICIOUS_MOVE = YES;
				CLANG_WARN_UNGUARDED_AVAILABILITY = YES_AGGRESSIVE;
				CLANG_WARN_UNREACHABLE_CODE = YES;
				CLANG_WARN__DUPLICATE_METHOD_MATCH = YES;
				CODE_SIGN_IDENTITY = "iPhone Developer";
				COPY_PHASE_STRIP = NO;
				DEBUG_INFORMATION_FORMAT = "dwarf-with-dsym";
				ENABLE_NS_ASSERTIONS = NO;
				ENABLE_STRICT_OBJC_MSGSEND = YES;
				GCC_C_LANGUAGE_STANDARD = gnu11;
				GCC_NO_COMMON_BLOCKS = YES;
				GCC_WARN_64_TO_32_BIT_CONVERSION = YES;
				GCC_WARN_ABOUT_RETURN_TYPE = YES_ERROR;
				GCC_WARN_UNDECLARED_SELECTOR = YES;
				GCC_WARN_UNINITIALIZED_AUTOS = YES_AGGRESSIVE;
				GCC_WARN_UNUSED_FUNCTION = YES;
				GCC_WARN_UNUSED_VARIABLE = YES;
				IPHONEOS_DEPLOYMENT_TARGET = 12.0;
				MTL_ENABLE_DEBUG_INFO = NO;
				MTL_FAST_MATH = YES;
				SDKROOT = iphoneos;
				SWIFT_COMPILATION_MODE = wholemodule;
				SWIFT_OPTIMIZATION_LEVEL = "-O";
				VALIDATE_PRODUCT = YES;
			};
			name = Release;
		};
		0D1DBBB9219E0A1500CD0C4A /* Debug */ = {
			isa = XCBuildConfiguration;
			buildSettings = {
				ASSETCATALOG_COMPILER_APPICON_NAME = AppIcon;
				CODE_SIGN_STYLE = Automatic;
				DEVELOPMENT_TEAM = FC9W35QTCN;
				INFOPLIST_FILE = JustAHabit/Info.plist;
				LD_RUNPATH_SEARCH_PATHS = (
					"$(inherited)",
					"@executable_path/Frameworks",
				);
				PRODUCT_BUNDLE_IDENTIFIER = com.musiacc.JustAHabit;
				PRODUCT_NAME = "$(TARGET_NAME)";
				SWIFT_VERSION = 4.2;
				TARGETED_DEVICE_FAMILY = "1,2";
			};
			name = Debug;
		};
		0D1DBBBA219E0A1500CD0C4A /* Release */ = {
			isa = XCBuildConfiguration;
			buildSettings = {
				ASSETCATALOG_COMPILER_APPICON_NAME = AppIcon;
				CODE_SIGN_STYLE = Automatic;
				DEVELOPMENT_TEAM = FC9W35QTCN;
				INFOPLIST_FILE = JustAHabit/Info.plist;
				LD_RUNPATH_SEARCH_PATHS = (
					"$(inherited)",
					"@executable_path/Frameworks",
				);
				PRODUCT_BUNDLE_IDENTIFIER = com.musiacc.JustAHabit;
				PRODUCT_NAME = "$(TARGET_NAME)";
				SWIFT_VERSION = 4.2;
				TARGETED_DEVICE_FAMILY = "1,2";
			};
			name = Release;
		};
		0D1DBBBC219E0A1500CD0C4A /* Debug */ = {
			isa = XCBuildConfiguration;
			buildSettings = {
				ALWAYS_EMBED_SWIFT_STANDARD_LIBRARIES = YES;
				BUNDLE_LOADER = "$(TEST_HOST)";
				CODE_SIGN_STYLE = Automatic;
				DEVELOPMENT_TEAM = FC9W35QTCN;
				INFOPLIST_FILE = JustAHabitTests/Info.plist;
				LD_RUNPATH_SEARCH_PATHS = (
					"$(inherited)",
					"@executable_path/Frameworks",
					"@loader_path/Frameworks",
				);
				PRODUCT_BUNDLE_IDENTIFIER = com.musiacc.JustAHabitTests;
				PRODUCT_NAME = "$(TARGET_NAME)";
				SWIFT_VERSION = 4.2;
				TARGETED_DEVICE_FAMILY = "1,2";
				TEST_HOST = "$(BUILT_PRODUCTS_DIR)/JustAHabit.app/JustAHabit";
			};
			name = Debug;
		};
		0D1DBBBD219E0A1500CD0C4A /* Release */ = {
			isa = XCBuildConfiguration;
			buildSettings = {
				ALWAYS_EMBED_SWIFT_STANDARD_LIBRARIES = YES;
				BUNDLE_LOADER = "$(TEST_HOST)";
				CODE_SIGN_STYLE = Automatic;
				DEVELOPMENT_TEAM = FC9W35QTCN;
				INFOPLIST_FILE = JustAHabitTests/Info.plist;
				LD_RUNPATH_SEARCH_PATHS = (
					"$(inherited)",
					"@executable_path/Frameworks",
					"@loader_path/Frameworks",
				);
				PRODUCT_BUNDLE_IDENTIFIER = com.musiacc.JustAHabitTests;
				PRODUCT_NAME = "$(TARGET_NAME)";
				SWIFT_VERSION = 4.2;
				TARGETED_DEVICE_FAMILY = "1,2";
				TEST_HOST = "$(BUILT_PRODUCTS_DIR)/JustAHabit.app/JustAHabit";
			};
			name = Release;
		};
		0D1DBBBF219E0A1500CD0C4A /* Debug */ = {
			isa = XCBuildConfiguration;
			buildSettings = {
				ALWAYS_EMBED_SWIFT_STANDARD_LIBRARIES = YES;
				CODE_SIGN_STYLE = Automatic;
				DEVELOPMENT_TEAM = FC9W35QTCN;
				INFOPLIST_FILE = JustAHabitUITests/Info.plist;
				LD_RUNPATH_SEARCH_PATHS = (
					"$(inherited)",
					"@executable_path/Frameworks",
					"@loader_path/Frameworks",
				);
				PRODUCT_BUNDLE_IDENTIFIER = com.musiacc.JustAHabitUITests;
				PRODUCT_NAME = "$(TARGET_NAME)";
				SWIFT_VERSION = 4.2;
				TARGETED_DEVICE_FAMILY = "1,2";
				TEST_TARGET_NAME = JustAHabit;
			};
			name = Debug;
		};
		0D1DBBC0219E0A1500CD0C4A /* Release */ = {
			isa = XCBuildConfiguration;
			buildSettings = {
				ALWAYS_EMBED_SWIFT_STANDARD_LIBRARIES = YES;
				CODE_SIGN_STYLE = Automatic;
				DEVELOPMENT_TEAM = FC9W35QTCN;
				INFOPLIST_FILE = JustAHabitUITests/Info.plist;
				LD_RUNPATH_SEARCH_PATHS = (
					"$(inherited)",
					"@executable_path/Frameworks",
					"@loader_path/Frameworks",
				);
				PRODUCT_BUNDLE_IDENTIFIER = com.musiacc.JustAHabitUITests;
				PRODUCT_NAME = "$(TARGET_NAME)";
				SWIFT_VERSION = 4.2;
				TARGETED_DEVICE_FAMILY = "1,2";
				TEST_TARGET_NAME = JustAHabit;
			};
			name = Release;
		};
/* End XCBuildConfiguration section */

/* Begin XCConfigurationList section */
		0D1DBB88219E0A1300CD0C4A /* Build configuration list for PBXProject "JustAHabit" */ = {
			isa = XCConfigurationList;
			buildConfigurations = (
				0D1DBBB6219E0A1500CD0C4A /* Debug */,
				0D1DBBB7219E0A1500CD0C4A /* Release */,
			);
			defaultConfigurationIsVisible = 0;
			defaultConfigurationName = Release;
		};
		0D1DBBB8219E0A1500CD0C4A /* Build configuration list for PBXNativeTarget "JustAHabit" */ = {
			isa = XCConfigurationList;
			buildConfigurations = (
				0D1DBBB9219E0A1500CD0C4A /* Debug */,
				0D1DBBBA219E0A1500CD0C4A /* Release */,
			);
			defaultConfigurationIsVisible = 0;
			defaultConfigurationName = Release;
		};
		0D1DBBBB219E0A1500CD0C4A /* Build configuration list for PBXNativeTarget "JustAHabitTests" */ = {
			isa = XCConfigurationList;
			buildConfigurations = (
				0D1DBBBC219E0A1500CD0C4A /* Debug */,
				0D1DBBBD219E0A1500CD0C4A /* Release */,
			);
			defaultConfigurationIsVisible = 0;
			defaultConfigurationName = Release;
		};
		0D1DBBBE219E0A1500CD0C4A /* Build configuration list for PBXNativeTarget "JustAHabitUITests" */ = {
			isa = XCConfigurationList;
			buildConfigurations = (
				0D1DBBBF219E0A1500CD0C4A /* Debug */,
				0D1DBBC0219E0A1500CD0C4A /* Release */,
			);
			defaultConfigurationIsVisible = 0;
			defaultConfigurationName = Release;
		};
/* End XCConfigurationList section */

/* Begin XCVersionGroup section */
		0D1DBB97219E0A1300CD0C4A /* JustAHabit.xcdatamodeld */ = {
			isa = XCVersionGroup;
			children = (
				0D1DBB98219E0A1300CD0C4A /* JustAHabit.xcdatamodel */,
			);
			currentVersion = 0D1DBB98219E0A1300CD0C4A /* JustAHabit.xcdatamodel */;
			path = JustAHabit.xcdatamodeld;
			sourceTree = "<group>";
			versionGroupType = wrapper.xcdatamodel;
		};
/* End XCVersionGroup section */
	};
	rootObject = 0D1DBB85219E0A1300CD0C4A /* Project object */;
}
